// !$*UTF8*$!
{
	archiveVersion = 1;
	classes = {
	};
	objectVersion = 46;
	objects = {

/* Begin PBXBuildFile section */
		0337766F1E50B74900F079D4 /* VehiclesDataProtocol.swift in Sources */ = {isa = PBXBuildFile; fileRef = 0337766E1E50B74900F079D4 /* VehiclesDataProtocol.swift */; };
		033776711E5112F800F079D4 /* VehiclesData.swift in Sources */ = {isa = PBXBuildFile; fileRef = 033776701E5112F800F079D4 /* VehiclesData.swift */; };
		03F644E61E4DCA7C00683B5F /* AppDelegate.swift in Sources */ = {isa = PBXBuildFile; fileRef = 03F644E51E4DCA7C00683B5F /* AppDelegate.swift */; };
		03F644EB1E4DCA7C00683B5F /* Main.storyboard in Resources */ = {isa = PBXBuildFile; fileRef = 03F644E91E4DCA7C00683B5F /* Main.storyboard */; };
		03F644EE1E4DCA7C00683B5F /* VehicleTest.xcdatamodeld in Sources */ = {isa = PBXBuildFile; fileRef = 03F644EC1E4DCA7C00683B5F /* VehicleTest.xcdatamodeld */; };
		03F644F01E4DCA7C00683B5F /* Assets.xcassets in Resources */ = {isa = PBXBuildFile; fileRef = 03F644EF1E4DCA7C00683B5F /* Assets.xcassets */; };
		03F644F31E4DCA7C00683B5F /* LaunchScreen.storyboard in Resources */ = {isa = PBXBuildFile; fileRef = 03F644F11E4DCA7C00683B5F /* LaunchScreen.storyboard */; };
		03F644FE1E4DCA7C00683B5F /* VehicleTestTests.swift in Sources */ = {isa = PBXBuildFile; fileRef = 03F644FD1E4DCA7C00683B5F /* VehicleTestTests.swift */; };
		03F645091E4DCA7C00683B5F /* VehicleTestUITests.swift in Sources */ = {isa = PBXBuildFile; fileRef = 03F645081E4DCA7C00683B5F /* VehicleTestUITests.swift */; };
		03F645191E4DCAFF00683B5F /* JsonHelper.swift in Sources */ = {isa = PBXBuildFile; fileRef = 03F645181E4DCAFF00683B5F /* JsonHelper.swift */; };
		03F645241E4DCD3200683B5F /* vehicles.json in Resources */ = {isa = PBXBuildFile; fileRef = 03F645231E4DCD3200683B5F /* vehicles.json */; };
		03F645261E4DCD4A00683B5F /* vehicle_groups.json in Resources */ = {isa = PBXBuildFile; fileRef = 03F645251E4DCD4A00683B5F /* vehicle_groups.json */; };
		03F645281E4DD71900683B5F /* MainViewController.swift in Sources */ = {isa = PBXBuildFile; fileRef = 03F645271E4DD71900683B5F /* MainViewController.swift */; };
		03F6452B1E4DDCB100683B5F /* Vehicle.swift in Sources */ = {isa = PBXBuildFile; fileRef = 03F6452A1E4DDCB100683B5F /* Vehicle.swift */; };
		03F6452F1E4E152800683B5F /* JsonDocTags.swift in Sources */ = {isa = PBXBuildFile; fileRef = 03F6452E1E4E152800683B5F /* JsonDocTags.swift */; };
/* End PBXBuildFile section */

/* Begin PBXContainerItemProxy section */
		03F644FA1E4DCA7C00683B5F /* PBXContainerItemProxy */ = {
			isa = PBXContainerItemProxy;
			containerPortal = 03F644DA1E4DCA7B00683B5F /* Project object */;
			proxyType = 1;
			remoteGlobalIDString = 03F644E11E4DCA7B00683B5F;
			remoteInfo = VehicleTest;
		};
		03F645051E4DCA7C00683B5F /* PBXContainerItemProxy */ = {
			isa = PBXContainerItemProxy;
			containerPortal = 03F644DA1E4DCA7B00683B5F /* Project object */;
			proxyType = 1;
			remoteGlobalIDString = 03F644E11E4DCA7B00683B5F;
			remoteInfo = VehicleTest;
		};
/* End PBXContainerItemProxy section */

/* Begin PBXFileReference section */
		0337766E1E50B74900F079D4 /* VehiclesDataProtocol.swift */ = {isa = PBXFileReference; fileEncoding = 4; lastKnownFileType = sourcecode.swift; path = VehiclesDataProtocol.swift; sourceTree = "<group>"; };
		033776701E5112F800F079D4 /* VehiclesData.swift */ = {isa = PBXFileReference; fileEncoding = 4; lastKnownFileType = sourcecode.swift; path = VehiclesData.swift; sourceTree = "<group>"; };
		03F644E21E4DCA7C00683B5F /* VehicleTest.app */ = {isa = PBXFileReference; explicitFileType = wrapper.application; includeInIndex = 0; path = VehicleTest.app; sourceTree = BUILT_PRODUCTS_DIR; };
		03F644E51E4DCA7C00683B5F /* AppDelegate.swift */ = {isa = PBXFileReference; lastKnownFileType = sourcecode.swift; path = AppDelegate.swift; sourceTree = "<group>"; };
		03F644EA1E4DCA7C00683B5F /* Base */ = {isa = PBXFileReference; lastKnownFileType = file.storyboard; name = Base; path = Base.lproj/Main.storyboard; sourceTree = "<group>"; };
		03F644ED1E4DCA7C00683B5F /* VehicleTest.xcdatamodel */ = {isa = PBXFileReference; lastKnownFileType = wrapper.xcdatamodel; path = VehicleTest.xcdatamodel; sourceTree = "<group>"; };
		03F644EF1E4DCA7C00683B5F /* Assets.xcassets */ = {isa = PBXFileReference; lastKnownFileType = folder.assetcatalog; path = Assets.xcassets; sourceTree = "<group>"; };
		03F644F21E4DCA7C00683B5F /* Base */ = {isa = PBXFileReference; lastKnownFileType = file.storyboard; name = Base; path = Base.lproj/LaunchScreen.storyboard; sourceTree = "<group>"; };
		03F644F41E4DCA7C00683B5F /* Info.plist */ = {isa = PBXFileReference; lastKnownFileType = text.plist.xml; path = Info.plist; sourceTree = "<group>"; };
		03F644F91E4DCA7C00683B5F /* VehicleTestTests.xctest */ = {isa = PBXFileReference; explicitFileType = wrapper.cfbundle; includeInIndex = 0; path = VehicleTestTests.xctest; sourceTree = BUILT_PRODUCTS_DIR; };
		03F644FD1E4DCA7C00683B5F /* VehicleTestTests.swift */ = {isa = PBXFileReference; lastKnownFileType = sourcecode.swift; path = VehicleTestTests.swift; sourceTree = "<group>"; };
		03F644FF1E4DCA7C00683B5F /* Info.plist */ = {isa = PBXFileReference; lastKnownFileType = text.plist.xml; path = Info.plist; sourceTree = "<group>"; };
		03F645041E4DCA7C00683B5F /* VehicleTestUITests.xctest */ = {isa = PBXFileReference; explicitFileType = wrapper.cfbundle; includeInIndex = 0; path = VehicleTestUITests.xctest; sourceTree = BUILT_PRODUCTS_DIR; };
		03F645081E4DCA7C00683B5F /* VehicleTestUITests.swift */ = {isa = PBXFileReference; lastKnownFileType = sourcecode.swift; path = VehicleTestUITests.swift; sourceTree = "<group>"; };
		03F6450A1E4DCA7C00683B5F /* Info.plist */ = {isa = PBXFileReference; lastKnownFileType = text.plist.xml; path = Info.plist; sourceTree = "<group>"; };
		03F645181E4DCAFF00683B5F /* JsonHelper.swift */ = {isa = PBXFileReference; fileEncoding = 4; lastKnownFileType = sourcecode.swift; path = JsonHelper.swift; sourceTree = "<group>"; };
		03F645231E4DCD3200683B5F /* vehicles.json */ = {isa = PBXFileReference; fileEncoding = 4; lastKnownFileType = text.json; path = vehicles.json; sourceTree = "<group>"; };
		03F645251E4DCD4A00683B5F /* vehicle_groups.json */ = {isa = PBXFileReference; fileEncoding = 4; lastKnownFileType = text.json; path = vehicle_groups.json; sourceTree = "<group>"; };
		03F645271E4DD71900683B5F /* MainViewController.swift */ = {isa = PBXFileReference; fileEncoding = 4; lastKnownFileType = sourcecode.swift; path = MainViewController.swift; sourceTree = "<group>"; };
		03F6452A1E4DDCB100683B5F /* Vehicle.swift */ = {isa = PBXFileReference; fileEncoding = 4; lastKnownFileType = sourcecode.swift; path = Vehicle.swift; sourceTree = "<group>"; };
		03F6452E1E4E152800683B5F /* JsonDocTags.swift */ = {isa = PBXFileReference; fileEncoding = 4; lastKnownFileType = sourcecode.swift; path = JsonDocTags.swift; sourceTree = "<group>"; };
/* End PBXFileReference section */

/* Begin PBXFrameworksBuildPhase section */
		03F644DF1E4DCA7B00683B5F /* Frameworks */ = {
			isa = PBXFrameworksBuildPhase;
			buildActionMask = 2147483647;
			files = (
			);
			runOnlyForDeploymentPostprocessing = 0;
		};
		03F644F61E4DCA7C00683B5F /* Frameworks */ = {
			isa = PBXFrameworksBuildPhase;
			buildActionMask = 2147483647;
			files = (
			);
			runOnlyForDeploymentPostprocessing = 0;
		};
		03F645011E4DCA7C00683B5F /* Frameworks */ = {
			isa = PBXFrameworksBuildPhase;
			buildActionMask = 2147483647;
			files = (
			);
			runOnlyForDeploymentPostprocessing = 0;
		};
/* End PBXFrameworksBuildPhase section */

/* Begin PBXGroup section */
		03F644D91E4DCA7B00683B5F = {
			isa = PBXGroup;
			children = (
				03F644E41E4DCA7C00683B5F /* VehicleTest */,
				03F644FC1E4DCA7C00683B5F /* VehicleTestTests */,
				03F645071E4DCA7C00683B5F /* VehicleTestUITests */,
				03F644E31E4DCA7C00683B5F /* Products */,
			);
			sourceTree = "<group>";
		};
		03F644E31E4DCA7C00683B5F /* Products */ = {
			isa = PBXGroup;
			children = (
				03F644E21E4DCA7C00683B5F /* VehicleTest.app */,
				03F644F91E4DCA7C00683B5F /* VehicleTestTests.xctest */,
				03F645041E4DCA7C00683B5F /* VehicleTestUITests.xctest */,
			);
			name = Products;
			sourceTree = "<group>";
		};
		03F644E41E4DCA7C00683B5F /* VehicleTest */ = {
			isa = PBXGroup;
			children = (
				03F6452C1E4E143F00683B5F /* HelperFiles */,
				03F645291E4DDBA700683B5F /* Model */,
				03F6451C1E4DCC1E00683B5F /* JSONFiles */,
				03F644E51E4DCA7C00683B5F /* AppDelegate.swift */,
				03F644E91E4DCA7C00683B5F /* Main.storyboard */,
				03F644EF1E4DCA7C00683B5F /* Assets.xcassets */,
				03F644F11E4DCA7C00683B5F /* LaunchScreen.storyboard */,
				03F644F41E4DCA7C00683B5F /* Info.plist */,
				03F644EC1E4DCA7C00683B5F /* VehicleTest.xcdatamodeld */,
			);
			path = VehicleTest;
			sourceTree = "<group>";
		};
		03F644FC1E4DCA7C00683B5F /* VehicleTestTests */ = {
			isa = PBXGroup;
			children = (
				03F644FD1E4DCA7C00683B5F /* VehicleTestTests.swift */,
				03F644FF1E4DCA7C00683B5F /* Info.plist */,
			);
			path = VehicleTestTests;
			sourceTree = "<group>";
		};
		03F645071E4DCA7C00683B5F /* VehicleTestUITests */ = {
			isa = PBXGroup;
			children = (
				03F645081E4DCA7C00683B5F /* VehicleTestUITests.swift */,
				03F6450A1E4DCA7C00683B5F /* Info.plist */,
			);
			path = VehicleTestUITests;
			sourceTree = "<group>";
		};
		03F6451C1E4DCC1E00683B5F /* JSONFiles */ = {
			isa = PBXGroup;
			children = (
				03F645231E4DCD3200683B5F /* vehicles.json */,
				03F645251E4DCD4A00683B5F /* vehicle_groups.json */,
			);
			name = JSONFiles;
			sourceTree = "<group>";
		};
		03F645291E4DDBA700683B5F /* Model */ = {
			isa = PBXGroup;
			children = (
				0337766E1E50B74900F079D4 /* VehiclesDataProtocol.swift */,
				033776701E5112F800F079D4 /* VehiclesData.swift */,
				03F6452D1E4E146500683B5F /* Controllers */,
			);
			name = Model;
			sourceTree = "<group>";
		};
		03F6452C1E4E143F00683B5F /* HelperFiles */ = {
			isa = PBXGroup;
			children = (
				03F645181E4DCAFF00683B5F /* JsonHelper.swift */,
				03F6452A1E4DDCB100683B5F /* Vehicle.swift */,
				03F6452E1E4E152800683B5F /* JsonDocTags.swift */,
			);
			name = HelperFiles;
			sourceTree = "<group>";
		};
		03F6452D1E4E146500683B5F /* Controllers */ = {
			isa = PBXGroup;
			children = (
				03F645271E4DD71900683B5F /* MainViewController.swift */,
			);
			name = Controllers;
			sourceTree = "<group>";
		};
/* End PBXGroup section */

/* Begin PBXNativeTarget section */
		03F644E11E4DCA7B00683B5F /* VehicleTest */ = {
			isa = PBXNativeTarget;
			buildConfigurationList = 03F6450D1E4DCA7C00683B5F /* Build configuration list for PBXNativeTarget "VehicleTest" */;
			buildPhases = (
				03F644DE1E4DCA7B00683B5F /* Sources */,
				03F644DF1E4DCA7B00683B5F /* Frameworks */,
				03F644E01E4DCA7B00683B5F /* Resources */,
			);
			buildRules = (
			);
			dependencies = (
			);
			name = VehicleTest;
			productName = VehicleTest;
			productReference = 03F644E21E4DCA7C00683B5F /* VehicleTest.app */;
			productType = "com.apple.product-type.application";
		};
		03F644F81E4DCA7C00683B5F /* VehicleTestTests */ = {
			isa = PBXNativeTarget;
			buildConfigurationList = 03F645101E4DCA7C00683B5F /* Build configuration list for PBXNativeTarget "VehicleTestTests" */;
			buildPhases = (
				03F644F51E4DCA7C00683B5F /* Sources */,
				03F644F61E4DCA7C00683B5F /* Frameworks */,
				03F644F71E4DCA7C00683B5F /* Resources */,
			);
			buildRules = (
			);
			dependencies = (
				03F644FB1E4DCA7C00683B5F /* PBXTargetDependency */,
			);
			name = VehicleTestTests;
			productName = VehicleTestTests;
			productReference = 03F644F91E4DCA7C00683B5F /* VehicleTestTests.xctest */;
			productType = "com.apple.product-type.bundle.unit-test";
		};
		03F645031E4DCA7C00683B5F /* VehicleTestUITests */ = {
			isa = PBXNativeTarget;
			buildConfigurationList = 03F645131E4DCA7C00683B5F /* Build configuration list for PBXNativeTarget "VehicleTestUITests" */;
			buildPhases = (
				03F645001E4DCA7C00683B5F /* Sources */,
				03F645011E4DCA7C00683B5F /* Frameworks */,
				03F645021E4DCA7C00683B5F /* Resources */,
			);
			buildRules = (
			);
			dependencies = (
				03F645061E4DCA7C00683B5F /* PBXTargetDependency */,
			);
			name = VehicleTestUITests;
			productName = VehicleTestUITests;
			productReference = 03F645041E4DCA7C00683B5F /* VehicleTestUITests.xctest */;
			productType = "com.apple.product-type.bundle.ui-testing";
		};
/* End PBXNativeTarget section */

/* Begin PBXProject section */
		03F644DA1E4DCA7B00683B5F /* Project object */ = {
			isa = PBXProject;
			attributes = {
				LastSwiftUpdateCheck = 0820;
				LastUpgradeCheck = 0820;
				ORGANIZATIONNAME = OriginalMyth;
				TargetAttributes = {
					03F644E11E4DCA7B00683B5F = {
						CreatedOnToolsVersion = 8.2.1;
						ProvisioningStyle = Automatic;
					};
					03F644F81E4DCA7C00683B5F = {
						CreatedOnToolsVersion = 8.2.1;
						ProvisioningStyle = Automatic;
						TestTargetID = 03F644E11E4DCA7B00683B5F;
					};
					03F645031E4DCA7C00683B5F = {
						CreatedOnToolsVersion = 8.2.1;
						ProvisioningStyle = Automatic;
						TestTargetID = 03F644E11E4DCA7B00683B5F;
					};
				};
			};
			buildConfigurationList = 03F644DD1E4DCA7B00683B5F /* Build configuration list for PBXProject "VehicleTest" */;
			compatibilityVersion = "Xcode 3.2";
			developmentRegion = English;
			hasScannedForEncodings = 0;
			knownRegions = (
				en,
				Base,
			);
			mainGroup = 03F644D91E4DCA7B00683B5F;
			productRefGroup = 03F644E31E4DCA7C00683B5F /* Products */;
			projectDirPath = "";
			projectRoot = "";
			targets = (
				03F644E11E4DCA7B00683B5F /* VehicleTest */,
				03F644F81E4DCA7C00683B5F /* VehicleTestTests */,
				03F645031E4DCA7C00683B5F /* VehicleTestUITests */,
			);
		};
/* End PBXProject section */

/* Begin PBXResourcesBuildPhase section */
		03F644E01E4DCA7B00683B5F /* Resources */ = {
			isa = PBXResourcesBuildPhase;
			buildActionMask = 2147483647;
			files = (
				03F645241E4DCD3200683B5F /* vehicles.json in Resources */,
				03F644F31E4DCA7C00683B5F /* LaunchScreen.storyboard in Resources */,
				03F644F01E4DCA7C00683B5F /* Assets.xcassets in Resources */,
				03F644EB1E4DCA7C00683B5F /* Main.storyboard in Resources */,
				03F645261E4DCD4A00683B5F /* vehicle_groups.json in Resources */,
			);
			runOnlyForDeploymentPostprocessing = 0;
		};
		03F644F71E4DCA7C00683B5F /* Resources */ = {
			isa = PBXResourcesBuildPhase;
			buildActionMask = 2147483647;
			files = (
			);
			runOnlyForDeploymentPostprocessing = 0;
		};
		03F645021E4DCA7C00683B5F /* Resources */ = {
			isa = PBXResourcesBuildPhase;
			buildActionMask = 2147483647;
			files = (
			);
			runOnlyForDeploymentPostprocessing = 0;
		};
/* End PBXResourcesBuildPhase section */

/* Begin PBXSourcesBuildPhase section */
		03F644DE1E4DCA7B00683B5F /* Sources */ = {
			isa = PBXSourcesBuildPhase;
			buildActionMask = 2147483647;
			files = (
				03F6452B1E4DDCB100683B5F /* Vehicle.swift in Sources */,
				0337766F1E50B74900F079D4 /* VehiclesDataProtocol.swift in Sources */,
				03F6452F1E4E152800683B5F /* JsonDocTags.swift in Sources */,
				03F644EE1E4DCA7C00683B5F /* VehicleTest.xcdatamodeld in Sources */,
				033776711E5112F800F079D4 /* VehiclesData.swift in Sources */,
				03F645281E4DD71900683B5F /* MainViewController.swift in Sources */,
				03F644E61E4DCA7C00683B5F /* AppDelegate.swift in Sources */,
				03F645191E4DCAFF00683B5F /* JsonHelper.swift in Sources */,
			);
			runOnlyForDeploymentPostprocessing = 0;
		};
		03F644F51E4DCA7C00683B5F /* Sources */ = {
			isa = PBXSourcesBuildPhase;
			buildActionMask = 2147483647;
			files = (
				03F644FE1E4DCA7C00683B5F /* VehicleTestTests.swift in Sources */,
			);
			runOnlyForDeploymentPostprocessing = 0;
		};
		03F645001E4DCA7C00683B5F /* Sources */ = {
			isa = PBXSourcesBuildPhase;
			buildActionMask = 2147483647;
			files = (
				03F645091E4DCA7C00683B5F /* VehicleTestUITests.swift in Sources */,
			);
			runOnlyForDeploymentPostprocessing = 0;
		};
/* End PBXSourcesBuildPhase section */

/* Begin PBXTargetDependency section */
		03F644FB1E4DCA7C00683B5F /* PBXTargetDependency */ = {
			isa = PBXTargetDependency;
			target = 03F644E11E4DCA7B00683B5F /* VehicleTest */;
			targetProxy = 03F644FA1E4DCA7C00683B5F /* PBXContainerItemProxy */;
		};
		03F645061E4DCA7C00683B5F /* PBXTargetDependency */ = {
			isa = PBXTargetDependency;
			target = 03F644E11E4DCA7B00683B5F /* VehicleTest */;
			targetProxy = 03F645051E4DCA7C00683B5F /* PBXContainerItemProxy */;
		};
/* End PBXTargetDependency section */

/* Begin PBXVariantGroup section */
		03F644E91E4DCA7C00683B5F /* Main.storyboard */ = {
			isa = PBXVariantGroup;
			children = (
				03F644EA1E4DCA7C00683B5F /* Base */,
			);
			name = Main.storyboard;
			sourceTree = "<group>";
		};
		03F644F11E4DCA7C00683B5F /* LaunchScreen.storyboard */ = {
			isa = PBXVariantGroup;
			children = (
				03F644F21E4DCA7C00683B5F /* Base */,
			);
			name = LaunchScreen.storyboard;
			sourceTree = "<group>";
		};
/* End PBXVariantGroup section */

/* Begin XCBuildConfiguration section */
		03F6450B1E4DCA7C00683B5F /* Debug */ = {
			isa = XCBuildConfiguration;
			buildSettings = {
				ALWAYS_SEARCH_USER_PATHS = NO;
				CLANG_ANALYZER_NONNULL = YES;
				CLANG_CXX_LANGUAGE_STANDARD = "gnu++0x";
				CLANG_CXX_LIBRARY = "libc++";
				CLANG_ENABLE_MODULES = YES;
				CLANG_ENABLE_OBJC_ARC = YES;
				CLANG_WARN_BOOL_CONVERSION = YES;
				CLANG_WARN_CONSTANT_CONVERSION = YES;
				CLANG_WARN_DIRECT_OBJC_ISA_USAGE = YES_ERROR;
				CLANG_WARN_DOCUMENTATION_COMMENTS = YES;
				CLANG_WARN_EMPTY_BODY = YES;
				CLANG_WARN_ENUM_CONVERSION = YES;
				CLANG_WARN_INFINITE_RECURSION = YES;
				CLANG_WARN_INT_CONVERSION = YES;
				CLANG_WARN_OBJC_ROOT_CLASS = YES_ERROR;
				CLANG_WARN_SUSPICIOUS_MOVE = YES;
				CLANG_WARN_UNREACHABLE_CODE = YES;
				CLANG_WARN__DUPLICATE_METHOD_MATCH = YES;
				"CODE_SIGN_IDENTITY[sdk=iphoneos*]" = "iPhone Developer";
				COPY_PHASE_STRIP = NO;
				DEBUG_INFORMATION_FORMAT = dwarf;
				ENABLE_STRICT_OBJC_MSGSEND = YES;
				ENABLE_TESTABILITY = YES;
				GCC_C_LANGUAGE_STANDARD = gnu99;
				GCC_DYNAMIC_NO_PIC = NO;
				GCC_NO_COMMON_BLOCKS = YES;
				GCC_OPTIMIZATION_LEVEL = 0;
				GCC_PREPROCESSOR_DEFINITIONS = (
					"DEBUG=1",
					"$(inherited)",
				);
				GCC_WARN_64_TO_32_BIT_CONVERSION = YES;
				GCC_WARN_ABOUT_RETURN_TYPE = YES_ERROR;
				GCC_WARN_UNDECLARED_SELECTOR = YES;
				GCC_WARN_UNINITIALIZED_AUTOS = YES_AGGRESSIVE;
				GCC_WARN_UNUSED_FUNCTION = YES;
				GCC_WARN_UNUSED_VARIABLE = YES;
				IPHONEOS_DEPLOYMENT_TARGET = 10.2;
				MTL_ENABLE_DEBUG_INFO = YES;
				ONLY_ACTIVE_ARCH = YES;
				SDKROOT = iphoneos;
				SWIFT_ACTIVE_COMPILATION_CONDITIONS = DEBUG;
				SWIFT_OPTIMIZATION_LEVEL = "-Onone";
				TARGETED_DEVICE_FAMILY = "1,2";
			};
			name = Debug;
		};
		03F6450C1E4DCA7C00683B5F /* Release */ = {
			isa = XCBuildConfiguration;
			buildSettings = {
				ALWAYS_SEARCH_USER_PATHS = NO;
				CLANG_ANALYZER_NONNULL = YES;
				CLANG_CXX_LANGUAGE_STANDARD = "gnu++0x";
				CLANG_CXX_LIBRARY = "libc++";
				CLANG_ENABLE_MODULES = YES;
				CLANG_ENABLE_OBJC_ARC = YES;
				CLANG_WARN_BOOL_CONVERSION = YES;
				CLANG_WARN_CONSTANT_CONVERSION = YES;
				CLANG_WARN_DIRECT_OBJC_ISA_USAGE = YES_ERROR;
				CLANG_WARN_DOCUMENTATION_COMMENTS = YES;
				CLANG_WARN_EMPTY_BODY = YES;
				CLANG_WARN_ENUM_CONVERSION = YES;
				CLANG_WARN_INFINITE_RECURSION = YES;
				CLANG_WARN_INT_CONVERSION = YES;
				CLANG_WARN_OBJC_ROOT_CLASS = YES_ERROR;
				CLANG_WARN_SUSPICIOUS_MOVE = YES;
				CLANG_WARN_UNREACHABLE_CODE = YES;
				CLANG_WARN__DUPLICATE_METHOD_MATCH = YES;
				"CODE_SIGN_IDENTITY[sdk=iphoneos*]" = "iPhone Developer";
				COPY_PHASE_STRIP = NO;
				DEBUG_INFORMATION_FORMAT = "dwarf-with-dsym";
				ENABLE_NS_ASSERTIONS = NO;
				ENABLE_STRICT_OBJC_MSGSEND = YES;
				GCC_C_LANGUAGE_STANDARD = gnu99;
				GCC_NO_COMMON_BLOCKS = YES;
				GCC_WARN_64_TO_32_BIT_CONVERSION = YES;
				GCC_WARN_ABOUT_RETURN_TYPE = YES_ERROR;
				GCC_WARN_UNDECLARED_SELECTOR = YES;
				GCC_WARN_UNINITIALIZED_AUTOS = YES_AGGRESSIVE;
				GCC_WARN_UNUSED_FUNCTION = YES;
				GCC_WARN_UNUSED_VARIABLE = YES;
				IPHONEOS_DEPLOYMENT_TARGET = 10.2;
				MTL_ENABLE_DEBUG_INFO = NO;
				SDKROOT = iphoneos;
				SWIFT_OPTIMIZATION_LEVEL = "-Owholemodule";
				TARGETED_DEVICE_FAMILY = "1,2";
				VALIDATE_PRODUCT = YES;
			};
			name = Release;
		};
		03F6450E1E4DCA7C00683B5F /* Debug */ = {
			isa = XCBuildConfiguration;
			buildSettings = {
				ASSETCATALOG_COMPILER_APPICON_NAME = AppIcon;
				INFOPLIST_FILE = VehicleTest/Info.plist;
				LD_RUNPATH_SEARCH_PATHS = "$(inherited) @executable_path/Frameworks";
				PRODUCT_BUNDLE_IDENTIFIER = "com.test-project.VehicleTest";
				PRODUCT_NAME = "$(TARGET_NAME)";
				SWIFT_VERSION = 3.0;
			};
			name = Debug;
		};
		03F6450F1E4DCA7C00683B5F /* Release */ = {
			isa = XCBuildConfiguration;
			buildSettings = {
				ASSETCATALOG_COMPILER_APPICON_NAME = AppIcon;
				INFOPLIST_FILE = VehicleTest/Info.plist;
				LD_RUNPATH_SEARCH_PATHS = "$(inherited) @executable_path/Frameworks";
				PRODUCT_BUNDLE_IDENTIFIER = "com.test-project.VehicleTest";
				PRODUCT_NAME = "$(TARGET_NAME)";
				SWIFT_VERSION = 3.0;
			};
			name = Release;
		};
		03F645111E4DCA7C00683B5F /* Debug */ = {
			isa = XCBuildConfiguration;
			buildSettings = {
				ALWAYS_EMBED_SWIFT_STANDARD_LIBRARIES = YES;
				BUNDLE_LOADER = "$(TEST_HOST)";
				INFOPLIST_FILE = VehicleTestTests/Info.plist;
				LD_RUNPATH_SEARCH_PATHS = "$(inherited) @executable_path/Frameworks @loader_path/Frameworks";
				PRODUCT_BUNDLE_IDENTIFIER = "com.test-project.VehicleTestTests";
				PRODUCT_NAME = "$(TARGET_NAME)";
				SWIFT_VERSION = 3.0;
				TEST_HOST = "$(BUILT_PRODUCTS_DIR)/VehicleTest.app/VehicleTest";
			};
			name = Debug;
		};
		03F645121E4DCA7C00683B5F /* Release */ = {
			isa = XCBuildConfiguration;
			buildSettings = {
				ALWAYS_EMBED_SWIFT_STANDARD_LIBRARIES = YES;
				BUNDLE_LOADER = "$(TEST_HOST)";
				INFOPLIST_FILE = VehicleTestTests/Info.plist;
				LD_RUNPATH_SEARCH_PATHS = "$(inherited) @executable_path/Frameworks @loader_path/Frameworks";
				PRODUCT_BUNDLE_IDENTIFIER = "com.test-project.VehicleTestTests";
				PRODUCT_NAME = "$(TARGET_NAME)";
				SWIFT_VERSION = 3.0;
				TEST_HOST = "$(BUILT_PRODUCTS_DIR)/VehicleTest.app/VehicleTest";
			};
			name = Release;
		};
		03F645141E4DCA7C00683B5F /* Debug */ = {
			isa = XCBuildConfiguration;
			buildSettings = {
				ALWAYS_EMBED_SWIFT_STANDARD_LIBRARIES = YES;
				INFOPLIST_FILE = VehicleTestUITests/Info.plist;
				LD_RUNPATH_SEARCH_PATHS = "$(inherited) @executable_path/Frameworks @loader_path/Frameworks";
				PRODUCT_BUNDLE_IDENTIFIER = "com.test-project.VehicleTestUITests";
				PRODUCT_NAME = "$(TARGET_NAME)";
				SWIFT_VERSION = 3.0;
				TEST_TARGET_NAME = VehicleTest;
			};
			name = Debug;
		};
		03F645151E4DCA7C00683B5F /* Release */ = {
			isa = XCBuildConfiguration;
			buildSettings = {
				ALWAYS_EMBED_SWIFT_STANDARD_LIBRARIES = YES;
				INFOPLIST_FILE = VehicleTestUITests/Info.plist;
				LD_RUNPATH_SEARCH_PATHS = "$(inherited) @executable_path/Frameworks @loader_path/Frameworks";
				PRODUCT_BUNDLE_IDENTIFIER = "com.test-project.VehicleTestUITests";
				PRODUCT_NAME = "$(TARGET_NAME)";
				SWIFT_VERSION = 3.0;
				TEST_TARGET_NAME = VehicleTest;
			};
			name = Release;
		};
/* End XCBuildConfiguration section */

/* Begin XCConfigurationList section */
		03F644DD1E4DCA7B00683B5F /* Build configuration list for PBXProject "VehicleTest" */ = {
			isa = XCConfigurationList;
			buildConfigurations = (
				03F6450B1E4DCA7C00683B5F /* Debug */,
				03F6450C1E4DCA7C00683B5F /* Release */,
			);
			defaultConfigurationIsVisible = 0;
			defaultConfigurationName = Release;
		};
		03F6450D1E4DCA7C00683B5F /* Build configuration list for PBXNativeTarget "VehicleTest" */ = {
			isa = XCConfigurationList;
			buildConfigurations = (
				03F6450E1E4DCA7C00683B5F /* Debug */,
				03F6450F1E4DCA7C00683B5F /* Release */,
			);
			defaultConfigurationIsVisible = 0;
			defaultConfigurationName = Release;
		};
		03F645101E4DCA7C00683B5F /* Build configuration list for PBXNativeTarget "VehicleTestTests" */ = {
			isa = XCConfigurationList;
			buildConfigurations = (
				03F645111E4DCA7C00683B5F /* Debug */,
				03F645121E4DCA7C00683B5F /* Release */,
			);
			defaultConfigurationIsVisible = 0;
			defaultConfigurationName = Release;
		};
		03F645131E4DCA7C00683B5F /* Build configuration list for PBXNativeTarget "VehicleTestUITests" */ = {
			isa = XCConfigurationList;
			buildConfigurations = (
				03F645141E4DCA7C00683B5F /* Debug */,
				03F645151E4DCA7C00683B5F /* Release */,
			);
			defaultConfigurationIsVisible = 0;
			defaultConfigurationName = Release;
		};
/* End XCConfigurationList section */

/* Begin XCVersionGroup section */
		03F644EC1E4DCA7C00683B5F /* VehicleTest.xcdatamodeld */ = {
			isa = XCVersionGroup;
			children = (
				03F644ED1E4DCA7C00683B5F /* VehicleTest.xcdatamodel */,
			);
			currentVersion = 03F644ED1E4DCA7C00683B5F /* VehicleTest.xcdatamodel */;
			path = VehicleTest.xcdatamodeld;
			sourceTree = "<group>";
			versionGroupType = wrapper.xcdatamodel;
		};
/* End XCVersionGroup section */
	};
	rootObject = 03F644DA1E4DCA7B00683B5F /* Project object */;
}
